<?xml version="1.0" encoding="utf-8"?>
<Project ToolsVersion="4.0" xmlns="http://schemas.microsoft.com/developer/msbuild/2003">
  <ItemGroup>
    <Filter Include="Source Files">
      <UniqueIdentifier>{4FC737F1-C7A5-4376-A066-2A32D752A2FF}</UniqueIdentifier>
      <Extensions>cpp;c;cc;cxx;c++;cppm;ixx;def;odl;idl;hpj;bat;asm;asmx</Extensions>
    </Filter>
    <Filter Include="Header Files">
      <UniqueIdentifier>{93995380-89BD-4b04-88EB-625FBE52EBFB}</UniqueIdentifier>
      <Extensions>h;hh;hpp;hxx;h++;hm;inl;inc;ipp;xsd</Extensions>
    </Filter>
    <Filter Include="Resource Files">
      <UniqueIdentifier>{67DA6AB6-F800-4c08-8B7A-83BB121AAD01}</UniqueIdentifier>
      <Extensions>rc;ico;cur;bmp;dlg;rc2;rct;bin;rgs;gif;jpg;jpeg;jpe;resx;tiff;tif;png;wav;mfcribbon-ms</Extensions>
    </Filter>
    <Filter Include="Packaged Dependencies">
      <UniqueIdentifier>{5826af6e-7fd7-43af-ad10-94e844c2f044}</UniqueIdentifier>
    </Filter>
    <Filter Include="Packaged Dependencies\Lua">
      <UniqueIdentifier>{4f3057d2-70e5-4603-82a2-460e4e4f73ee}</UniqueIdentifier>
    </Filter>
    <Filter Include="Header Files\Ingenium2D">
      <UniqueIdentifier>{013f5d28-be48-4004-b85f-0f20c8480023}</UniqueIdentifier>
    </Filter>
    <Filter Include="Header Files\Ingenium3D">
      <UniqueIdentifier>{3ecc92e6-9692-4711-80b2-869821ee47a2}</UniqueIdentifier>
    </Filter>
    <Filter Include="Header Files\Ingenium2D\Game Objects">
      <UniqueIdentifier>{b9ef01c0-ae96-4cf9-9ee5-4cb1ec4798a4}</UniqueIdentifier>
    </Filter>
    <Filter Include="Header Files\Ingenium2D\Physics">
      <UniqueIdentifier>{e31de39d-d7b4-4eed-a369-f2a3ca23d349}</UniqueIdentifier>
    </Filter>
    <Filter Include="Header Files\Ingenium2D\Position">
      <UniqueIdentifier>{e642eec9-e7e5-4bd5-978c-494ef0d3f2c0}</UniqueIdentifier>
    </Filter>
    <Filter Include="Header Files\Ingenium General">
      <UniqueIdentifier>{4c1d63a2-0bc6-4ad9-bb56-42a8406105fe}</UniqueIdentifier>
    </Filter>
    <Filter Include="Header Files\Ingenium General\Base Functions">
      <UniqueIdentifier>{217a5f01-e05f-4d3e-a1fa-6b3251194a5f}</UniqueIdentifier>
    </Filter>
    <Filter Include="Header Files\Ingenium General\Logic">
      <UniqueIdentifier>{8257d9bf-7ff7-42f3-9922-362a4dc6b5dc}</UniqueIdentifier>
    </Filter>
    <Filter Include="Source Files\Ingenium General">
      <UniqueIdentifier>{25645d15-8b42-458d-8f54-8924ef1fa13f}</UniqueIdentifier>
    </Filter>
    <Filter Include="Source Files\Ingenium General\Base Functions">
      <UniqueIdentifier>{335f34d8-ce37-49a4-a768-75e998b5749c}</UniqueIdentifier>
    </Filter>
    <Filter Include="Source Files\Ingenium2D">
      <UniqueIdentifier>{673d1cd0-6851-400f-ba8c-d9b2d5eb9f6a}</UniqueIdentifier>
    </Filter>
    <Filter Include="Source Files\Ingenium3D">
      <UniqueIdentifier>{f27fbee7-c45e-4b2b-ba07-8b0493025628}</UniqueIdentifier>
    </Filter>
    <Filter Include="Source Files\Ingenium2D\Physics">
      <UniqueIdentifier>{7f1225e1-0817-4adc-858c-bf4ef1dea05d}</UniqueIdentifier>
    </Filter>
    <Filter Include="Source Files\Ingenium2D\Game Objects">
      <UniqueIdentifier>{3fa3eb68-05bc-4a3f-90ea-3a381f328324}</UniqueIdentifier>
    </Filter>
    <Filter Include="Source Files\Ingenium2D\Position">
      <UniqueIdentifier>{4cfaf449-71ca-4d3b-afd2-52da39b42dd1}</UniqueIdentifier>
    </Filter>
    <Filter Include="Source Files\Ingenium General\Logic">
      <UniqueIdentifier>{a2207299-645e-4346-b036-0a1cc92cef88}</UniqueIdentifier>
    </Filter>
    <Filter Include="Source Files\Ingenium3D\Position">
      <UniqueIdentifier>{2f78afd2-9120-4da5-ad55-7b92683fc3b7}</UniqueIdentifier>
    </Filter>
    <Filter Include="Header Files\Ingenium3D\Position">
      <UniqueIdentifier>{7fc67286-5287-478e-8707-63b81b554ade}</UniqueIdentifier>
    </Filter>
    <Filter Include="Source Files\Ingenium General\Window">
      <UniqueIdentifier>{2e40d05f-b629-47b5-827f-55dd011947f4}</UniqueIdentifier>
    </Filter>
    <Filter Include="Header Files\Ingenium General\Window">
      <UniqueIdentifier>{86066fac-d74a-48f1-8ca6-536973b5cc87}</UniqueIdentifier>
    </Filter>
    <Filter Include="Packaged Dependencies\OpenGL">
      <UniqueIdentifier>{a4a410ff-ddba-42b9-a3a3-adc49d2d1949}</UniqueIdentifier>
    </Filter>
    <Filter Include="Packaged Dependencies\DevIL">
      <UniqueIdentifier>{e20e4a01-826e-4ee8-b672-2b300c3b7d91}</UniqueIdentifier>
    </Filter>
  </ItemGroup>
  <ItemGroup>
    <ClCompile Include="WinMain.cpp">
      <Filter>Source Files</Filter>
    </ClCompile>
    <ClCompile Include="Window.cpp">
      <Filter>Source Files\Ingenium General\Window</Filter>
    </ClCompile>
    <ClCompile Include="WindowClass.cpp">
      <Filter>Source Files\Ingenium General\Window</Filter>
    </ClCompile>
    <ClCompile Include="C_WICImageFactory.cpp">
      <Filter>Source Files\Ingenium General\Window</Filter>
    </ClCompile>
    <ClCompile Include="Sound.cpp">
      <Filter>Source Files\Ingenium General\Base Functions</Filter>
    </ClCompile>
    <ClCompile Include="Input.cpp">
      <Filter>Source Files\Ingenium General\Base Functions</Filter>
    </ClCompile>
    <ClCompile Include="Time.cpp">
      <Filter>Source Files\Ingenium General\Base Functions</Filter>
    </ClCompile>
    <ClCompile Include="Log.cpp">
      <Filter>Source Files\Ingenium General\Base Functions</Filter>
    </ClCompile>
    <ClCompile Include="GameObject.cpp">
      <Filter>Source Files\Ingenium2D\Game Objects</Filter>
    </ClCompile>
    <ClCompile Include="Sprite.cpp">
      <Filter>Source Files\Ingenium2D\Game Objects</Filter>
    </ClCompile>
    <ClCompile Include="LinkedList.cpp">
      <Filter>Source Files\Ingenium General\Base Functions</Filter>
    </ClCompile>
    <ClCompile Include="Vector2.cpp">
      <Filter>Source Files\Ingenium2D\Position</Filter>
    </ClCompile>
    <ClCompile Include="Physics2D.cpp">
      <Filter>Source Files\Ingenium2D\Physics</Filter>
    </ClCompile>
    <ClCompile Include="Hitbox2D.cpp">
      <Filter>Source Files\Ingenium2D\Physics</Filter>
    </ClCompile>
    <ClCompile Include="Lua.cpp">
      <Filter>Packaged Dependencies\Lua</Filter>
    </ClCompile>
    <ClCompile Include="Shapes.cpp">
      <Filter>Source Files\Ingenium2D\Game Objects</Filter>
    </ClCompile>
    <ClCompile Include="Ingenium2D.cpp">
      <Filter>Source Files\Ingenium2D</Filter>
    </ClCompile>
    <ClCompile Include="Ingenium3D.cpp">
      <Filter>Source Files\Ingenium3D</Filter>
    </ClCompile>
    <ClCompile Include="Rotation.cpp">
      <Filter>Source Files\Ingenium General\Logic</Filter>
    </ClCompile>
    <ClCompile Include="Vector.cpp">
      <Filter>Source Files\Ingenium General\Logic</Filter>
    </ClCompile>
    <ClCompile Include="3DData.cpp">
      <Filter>Source Files\Ingenium3D\Position</Filter>
    </ClCompile>
    <ClCompile Include="Direct2DWindow.cpp">
      <Filter>Source Files\Ingenium General\Window</Filter>
    </ClCompile>
    <ClCompile Include="OpenGLWindow.cpp">
      <Filter>Source Files</Filter>
    </ClCompile>
    <ClCompile Include="glad\glad.c">
      <Filter>Packaged Dependencies\OpenGL</Filter>
    </ClCompile>
    <ClCompile Include="DevIL\devil_cpp_wrapper.cpp">
      <Filter>Packaged Dependencies\DevIL</Filter>
    </ClCompile>
  </ItemGroup>
  <ItemGroup>
    <ClInclude Include="WindowClass.h">
      <Filter>Header Files\Ingenium General\Window</Filter>
    </ClInclude>
    <ClInclude Include="Window.h">
      <Filter>Header Files\Ingenium General\Window</Filter>
    </ClInclude>
    <ClInclude Include="Direct2D.h">
      <Filter>Header Files\Ingenium General\Window</Filter>
    </ClInclude>
    <ClInclude Include="C_WICImageFactory.h">
      <Filter>Header Files\Ingenium General\Window</Filter>
    </ClInclude>
    <ClInclude Include="Input.h">
      <Filter>Header Files\Ingenium General\Base Functions</Filter>
    </ClInclude>
    <ClInclude Include="Log.h">
      <Filter>Header Files\Ingenium General\Base Functions</Filter>
    </ClInclude>
    <ClInclude Include="ModWin.h">
      <Filter>Header Files\Ingenium General\Window</Filter>
    </ClInclude>
    <ClInclude Include="Sound.h">
      <Filter>Header Files\Ingenium General\Base Functions</Filter>
    </ClInclude>
    <ClInclude Include="Time.h">
      <Filter>Header Files\Ingenium General\Base Functions</Filter>
    </ClInclude>
    <ClInclude Include="GameObject.h">
      <Filter>Header Files\Ingenium2D\Game Objects</Filter>
    </ClInclude>
    <ClInclude Include="Renderable.h">
      <Filter>Header Files\Ingenium2D\Game Objects</Filter>
    </ClInclude>
    <ClInclude Include="Sprite.h">
      <Filter>Header Files\Ingenium2D\Game Objects</Filter>
    </ClInclude>
    <ClInclude Include="Vector2.h">
      <Filter>Header Files\Ingenium2D\Position</Filter>
    </ClInclude>
    <ClInclude Include="LinkedList.h">
      <Filter>Header Files\Ingenium General\Base Functions</Filter>
    </ClInclude>
    <ClInclude Include="Hitbox2D.h">
      <Filter>Header Files\Ingenium2D\Physics</Filter>
    </ClInclude>
    <ClInclude Include="Physics2D.h">
      <Filter>Header Files\Ingenium2D\Physics</Filter>
    </ClInclude>
    <ClInclude Include="Memory.h">
      <Filter>Header Files\Ingenium General\Base Functions</Filter>
    </ClInclude>
    <ClInclude Include="Lua.h">
      <Filter>Packaged Dependencies\Lua</Filter>
    </ClInclude>
    <ClInclude Include="lualib\include\lua.hpp">
      <Filter>Packaged Dependencies\Lua</Filter>
    </ClInclude>
    <ClInclude Include="lualib\include\luaconf.h">
      <Filter>Packaged Dependencies\Lua</Filter>
    </ClInclude>
    <ClInclude Include="lualib\include\lualib.h">
      <Filter>Packaged Dependencies\Lua</Filter>
    </ClInclude>
    <ClInclude Include="lualib\include\lauxlib.h">
      <Filter>Packaged Dependencies\Lua</Filter>
    </ClInclude>
    <ClInclude Include="lualib\include\lua.h">
      <Filter>Packaged Dependencies\Lua</Filter>
    </ClInclude>
    <ClInclude Include="StringCon.h">
      <Filter>Header Files\Ingenium General\Base Functions</Filter>
    </ClInclude>
    <ClInclude Include="Shapes.h">
      <Filter>Header Files\Ingenium2D\Game Objects</Filter>
    </ClInclude>
    <ClInclude Include="IngeniumConfig.h">
      <Filter>Header Files</Filter>
    </ClInclude>
    <ClInclude Include="Ingenium2D.h">
      <Filter>Header Files\Ingenium2D</Filter>
    </ClInclude>
    <ClInclude Include="Ingenium3D.h">
      <Filter>Header Files\Ingenium3D</Filter>
    </ClInclude>
    <ClInclude Include="Rotation.h">
      <Filter>Header Files\Ingenium General\Logic</Filter>
    </ClInclude>
    <ClInclude Include="Vector.h">
      <Filter>Header Files\Ingenium General\Logic</Filter>
    </ClInclude>
    <ClInclude Include="Ingenium.h">
      <Filter>Header Files</Filter>
    </ClInclude>
    <ClInclude Include="3DData.h">
      <Filter>Header Files\Ingenium3D\Position</Filter>
    </ClInclude>
    <ClInclude Include="OpenGL.h">
      <Filter>Header Files\Ingenium General\Window</Filter>
    </ClInclude>
    <ClInclude Include="GLFW\glfw3.h">
      <Filter>Packaged Dependencies\OpenGL</Filter>
    </ClInclude>
    <ClInclude Include="GLFW\glfw3native.h">
      <Filter>Packaged Dependencies\OpenGL</Filter>
    </ClInclude>
    <ClInclude Include="IngeniumConstants.h">
      <Filter>Header Files\Ingenium General</Filter>
    </ClInclude>
    <ClInclude Include="Direct2DWindow.h">
      <Filter>Header Files\Ingenium General\Window</Filter>
    </ClInclude>
    <ClInclude Include="OpenGLWindow.h">
      <Filter>Header Files</Filter>
    </ClInclude>
    <ClInclude Include="glad\include\glad\glad.h">
      <Filter>Packaged Dependencies\OpenGL</Filter>
    </ClInclude>
    <ClInclude Include="glad\include\KHR\khrplatform.h">
      <Filter>Packaged Dependencies\OpenGL</Filter>
    </ClInclude>
    <ClInclude Include="RenderWindow.h">
      <Filter>Header Files\Ingenium General\Window</Filter>
    </ClInclude>
    <ClInclude Include="DevIL\devil_cpp_wrapper.h">
      <Filter>Packaged Dependencies\DevIL</Filter>
    </ClInclude>
    <ClInclude Include="DevIL\il.h">
      <Filter>Packaged Dependencies\DevIL</Filter>
    </ClInclude>
    <ClInclude Include="DevIL\ilu.h">
      <Filter>Packaged Dependencies\DevIL</Filter>
    </ClInclude>
    <ClInclude Include="DevIL\ilut.h">
      <Filter>Packaged Dependencies\DevIL</Filter>
    </ClInclude>
    <ClInclude Include="DevIL\ilut_config.h">
      <Filter>Packaged Dependencies\DevIL</Filter>
    </ClInclude>
  </ItemGroup>
  <ItemGroup>
    <None Include="Entry.lua" />
  </ItemGroup>
  <ItemGroup>
    <Library Include="lualib\lua54.lib">
      <Filter>Packaged Dependencies\Lua</Filter>
    </Library>
    <Library Include="DevIL\DevIL.lib">
      <Filter>Packaged Dependencies\DevIL</Filter>
    </Library>
    <Library Include="DevIL\ILU.lib">
      <Filter>Packaged Dependencies\DevIL</Filter>
    </Library>
    <Library Include="DevIL\ILUT.lib">
      <Filter>Packaged Dependencies\DevIL</Filter>
    </Library>
  </ItemGroup>
  <ItemGroup>
    <Image Include="Planet1.png">
      <Filter>Resource Files</Filter>
    </Image>
    <Image Include="RunSpriteSheet.png">
      <Filter>Resource Files</Filter>
    </Image>
  </ItemGroup>
</Project>